
Microsoft Visual Studio Solution File, Format Version 12.00
# Visual Studio 15
VisualStudioVersion = 15.0.26730.12
MinimumVisualStudioVersion = 10.0.40219.1
Project("{FAE04EC0-301F-11D3-BF4B-00C04F79EFBC}") = "Inveon", "Inveon\Inveon.csproj", "{E54CD5BC-BA83-4125-A67E-2EDAD2D732B9}"
EndProject
Project("{FAE04EC0-301F-11D3-BF4B-00C04F79EFBC}") = "Inveon.DataManagement", "Inveon.DataManagement\Inveon.DataManagement.csproj", "{04C4D0C6-61B2-463F-B49F-395DFAF0FA59}"
EndProject
Global
	GlobalSection(SolutionConfigurationPlatforms) = preSolution
		Debug|Any CPU = Debug|Any CPU
		Release|Any CPU = Release|Any CPU
	EndGlobalSection
	GlobalSection(ProjectConfigurationPlatforms) = postSolution
		{E54CD5BC-BA83-4125-A67E-2EDAD2D732B9}.Debug|Any CPU.ActiveCfg = Debug|Any CPU
		{E54CD5BC-BA83-4125-A67E-2EDAD2D732B9}.Debug|Any CPU.Build.0 = Debug|Any CPU
		{E54CD5BC-BA83-4125-A67E-2EDAD2D732B9}.Release|Any CPU.ActiveCfg = Release|Any CPU
		{E54CD5BC-BA83-4125-A67E-2EDAD2D732B9}.Release|Any CPU.Build.0 = Release|Any CPU
		{04C4D0C6-61B2-463F-B49F-395DFAF0FA59}.Debug|Any CPU.ActiveCfg = Debug|Any CPU
		{04C4D0C6-61B2-463F-B49F-395DFAF0FA59}.Debug|Any CPU.Build.0 = Debug|Any CPU
		{04C4D0C6-61B2-463F-B49F-395DFAF0FA59}.Release|Any CPU.ActiveCfg = Release|Any CPU
		{04C4D0C6-61B2-463F-B49F-395DFAF0FA59}.Release|Any CPU.Build.0 = Release|Any CPU
	EndGlobalSection
	GlobalSection(SolutionProperties) = preSolution
		HideSolutionNode = FALSE
	EndGlobalSection
	GlobalSection(ExtensibilityGlobals) = postSolution
		SolutionGuid = {A2010061-A9F5-4E23-A3E2-0ABDD4DDC000}
	EndGlobalSection
EndGlobal
